
Microsoft Visual Studio Solution File, Format Version 10.00
# Visual Studio 2008
Project("{FAE04EC0-301F-11D3-BF4B-00C04F79EFBC}") = "0-FirstStepsTutorial", "0-FirstStepsTutorial\0-FirstStepsTutorial.csproj", "{FA44CBDB-D15A-4BDE-A095-8D13D841B217}"
EndProject
Project("{FAE04EC0-301F-11D3-BF4B-00C04F79EFBC}") = "1-Poker", "1-Poker\1-Poker.csproj", "{76B57DAB-58CC-4EA7-90FC-2E828F95AFC7}"
EndProject
Project("{FAE04EC0-301F-11D3-BF4B-00C04F79EFBC}") = "Poker", "X-Poker\Poker\Poker\Poker.csproj", "{4BF5F74B-C7DE-470F-99BB-B3F33499D7DE}"
EndProject
Project("{FAE04EC0-301F-11D3-BF4B-00C04F79EFBC}") = "2-PokerPuzzle", "2-PokerPuzzle\2-PokerPuzzle.csproj", "{B2E62CDC-B3A6-4F15-BBBF-AA2575026A4D}"
EndProject
Global
	GlobalSection(SubversionScc) = preSolution
		Svn-Managed = True
		Manager = AnkhSVN - Subversion Support for Visual Studio
	EndGlobalSection
	GlobalSection(SolutionConfigurationPlatforms) = preSolution
		Debug|Any CPU = Debug|Any CPU
		Release|Any CPU = Release|Any CPU
	EndGlobalSection
	GlobalSection(ProjectConfigurationPlatforms) = postSolution
		{FA44CBDB-D15A-4BDE-A095-8D13D841B217}.Debug|Any CPU.ActiveCfg = Debug|Any CPU
		{FA44CBDB-D15A-4BDE-A095-8D13D841B217}.Debug|Any CPU.Build.0 = Debug|Any CPU
		{FA44CBDB-D15A-4BDE-A095-8D13D841B217}.Release|Any CPU.ActiveCfg = Release|Any CPU
		{FA44CBDB-D15A-4BDE-A095-8D13D841B217}.Release|Any CPU.Build.0 = Release|Any CPU
		{76B57DAB-58CC-4EA7-90FC-2E828F95AFC7}.Debug|Any CPU.ActiveCfg = Debug|Any CPU
		{76B57DAB-58CC-4EA7-90FC-2E828F95AFC7}.Debug|Any CPU.Build.0 = Debug|Any CPU
		{76B57DAB-58CC-4EA7-90FC-2E828F95AFC7}.Release|Any CPU.ActiveCfg = Release|Any CPU
		{76B57DAB-58CC-4EA7-90FC-2E828F95AFC7}.Release|Any CPU.Build.0 = Release|Any CPU
		{4BF5F74B-C7DE-470F-99BB-B3F33499D7DE}.Debug|Any CPU.ActiveCfg = Debug|Any CPU
		{4BF5F74B-C7DE-470F-99BB-B3F33499D7DE}.Debug|Any CPU.Build.0 = Debug|Any CPU
		{4BF5F74B-C7DE-470F-99BB-B3F33499D7DE}.Release|Any CPU.ActiveCfg = Release|Any CPU
		{4BF5F74B-C7DE-470F-99BB-B3F33499D7DE}.Release|Any CPU.Build.0 = Release|Any CPU
		{B2E62CDC-B3A6-4F15-BBBF-AA2575026A4D}.Debug|Any CPU.ActiveCfg = Debug|Any CPU
		{B2E62CDC-B3A6-4F15-BBBF-AA2575026A4D}.Debug|Any CPU.Build.0 = Debug|Any CPU
		{B2E62CDC-B3A6-4F15-BBBF-AA2575026A4D}.Release|Any CPU.ActiveCfg = Release|Any CPU
		{B2E62CDC-B3A6-4F15-BBBF-AA2575026A4D}.Release|Any CPU.Build.0 = Release|Any CPU
	EndGlobalSection
	GlobalSection(SolutionProperties) = preSolution
		HideSolutionNode = FALSE
	EndGlobalSection
EndGlobal
